
Microsoft Visual Studio Solution File, Format Version 12.00
# Visual Studio Version 16
VisualStudioVersion = 16.0.29519.87
MinimumVisualStudioVersion = 10.0.40219.1
Project("{FAE04EC0-301F-11D3-BF4B-00C04F79EFBC}") = "ProjetoMVCC30", "ProjetoMVCC30.csproj", "{1B12743B-B5A9-4B18-BEF9-73AFC03BF576}"
EndProject
Global
	GlobalSection(SolutionConfigurationPlatforms) = preSolution
		Debug|Any CPU = Debug|Any CPU
		Release|Any CPU = Release|Any CPU
	EndGlobalSection
	GlobalSection(ProjectConfigurationPlatforms) = postSolution
		{1B12743B-B5A9-4B18-BEF9-73AFC03BF576}.Debug|Any CPU.ActiveCfg = Debug|Any CPU
		{1B12743B-B5A9-4B18-BEF9-73AFC03BF576}.Debug|Any CPU.Build.0 = Debug|Any CPU
		{1B12743B-B5A9-4B18-BEF9-73AFC03BF576}.Release|Any CPU.ActiveCfg = Release|Any CPU
		{1B12743B-B5A9-4B18-BEF9-73AFC03BF576}.Release|Any CPU.Build.0 = Release|Any CPU
	EndGlobalSection
	GlobalSection(SolutionProperties) = preSolution
		HideSolutionNode = FALSE
	EndGlobalSection
	GlobalSection(ExtensibilityGlobals) = postSolution
		SolutionGuid = {2A545406-40C6-47D8-8629-54DCFB80ADCF}
	EndGlobalSection
EndGlobal
